
Microsoft Visual Studio Solution File, Format Version 12.00
# Visual Studio Version 16
VisualStudioVersion = 16.0.30225.117
MinimumVisualStudioVersion = 10.0.40219.1
Project("{FAE04EC0-301F-11D3-BF4B-00C04F79EFBC}") = "FlatRate2", "FlatRate2.csproj", "{70E9CAEC-EEFC-44B2-ABA9-97663C1AB703}"
EndProject
Global
	GlobalSection(SolutionConfigurationPlatforms) = preSolution
		Debug|Any CPU = Debug|Any CPU
		Release|Any CPU = Release|Any CPU
	EndGlobalSection
	GlobalSection(ProjectConfigurationPlatforms) = postSolution
		{70E9CAEC-EEFC-44B2-ABA9-97663C1AB703}.Debug|Any CPU.ActiveCfg = Debug|Any CPU
		{70E9CAEC-EEFC-44B2-ABA9-97663C1AB703}.Debug|Any CPU.Build.0 = Debug|Any CPU
		{70E9CAEC-EEFC-44B2-ABA9-97663C1AB703}.Release|Any CPU.ActiveCfg = Release|Any CPU
		{70E9CAEC-EEFC-44B2-ABA9-97663C1AB703}.Release|Any CPU.Build.0 = Release|Any CPU
	EndGlobalSection
	GlobalSection(SolutionProperties) = preSolution
		HideSolutionNode = FALSE
	EndGlobalSection
	GlobalSection(ExtensibilityGlobals) = postSolution
		SolutionGuid = {C9789039-A3FD-46AA-9D90-C03EB2F40020}
	EndGlobalSection
EndGlobal
